
Microsoft Visual Studio Solution File, Format Version 12.00
# Visual Studio 15
VisualStudioVersion = 15.0.27004.2002
MinimumVisualStudioVersion = 10.0.40219.1
Project("{FAE04EC0-301F-11D3-BF4B-00C04F79EFBC}") = "CSharpTasksBlock001", "CSharpTasksBlock001\CSharpTasksBlock001.csproj", "{595F30BA-A771-45F6-9285-FEB96FEFE287}"
EndProject
Global
	GlobalSection(SolutionConfigurationPlatforms) = preSolution
		Debug|Any CPU = Debug|Any CPU
		Release|Any CPU = Release|Any CPU
	EndGlobalSection
	GlobalSection(ProjectConfigurationPlatforms) = postSolution
		{595F30BA-A771-45F6-9285-FEB96FEFE287}.Debug|Any CPU.ActiveCfg = Debug|Any CPU
		{595F30BA-A771-45F6-9285-FEB96FEFE287}.Debug|Any CPU.Build.0 = Debug|Any CPU
		{595F30BA-A771-45F6-9285-FEB96FEFE287}.Release|Any CPU.ActiveCfg = Release|Any CPU
		{595F30BA-A771-45F6-9285-FEB96FEFE287}.Release|Any CPU.Build.0 = Release|Any CPU
	EndGlobalSection
	GlobalSection(SolutionProperties) = preSolution
		HideSolutionNode = FALSE
	EndGlobalSection
	GlobalSection(ExtensibilityGlobals) = postSolution
		SolutionGuid = {414B2BFD-7EF1-4186-BC87-56C05BBA87A2}
	EndGlobalSection
EndGlobal
